{
  "lockfileVersion": 1,
  "configVersion": 1,
  "workspaces": {
    "": {
      "name": "@utilsio/sdks",
      "devDependencies": {
        "@types/node": "^20",
        "typescript": "^5",
      },
    },
    "react": {
      "name": "@utilsio/react",
      "version": "0.1.0",
    },
  },
  "packages": {
    "@types/node": ["@types/node@20.19.28", "", { "dependencies": { "undici-types": "~6.21.0" } }, "sha512-VyKBr25BuFDzBFCK5sUM6ZXiWfqgCTwTAOK8qzGV/m9FCirXYDlmczJ+d5dXBAQALGCdRRdbteKYfJ84NGEusw=="],

    "@utilsio/react": ["@utilsio/react@workspace:react"],

    "typescript": ["typescript@5.9.3", "", { "bin": { "tsc": "bin/tsc", "tsserver": "bin/tsserver" } }, "sha512-jl1vZzPDinLr9eUt3J/t7V6FgNEw9QjvBPdysz9KfQDD41fQrC2Y4vKQdiaUpFT4bXlb1RHhLpp8wtm6M5TgSw=="],

    "undici-types": ["undici-types@6.21.0", "", {}, "sha512-iwDZqg0QAGrg9Rav5H4n0M64c3mkR59cJ6wQp+7C4nI0gsmExaedaYLNO44eT4AtBBwjbTiGPMlt2Md0T9H9JQ=="],
  }
}
